// !$*UTF8*$!
{
	archiveVersion = 1;
	classes = {
	};
	objectVersion = 46;
	objects = {

/* Begin PBXBuildFile section */
		180364DC1BAEADD100870783 /* CustomGsensorView.m in Sources */ = {isa = PBXBuildFile; fileRef = 180364DB1BAEADD100870783 /* CustomGsensorView.m */; };
		180364DE1BAED2BA00870783 /* Class界面 in Resources */ = {isa = PBXBuildFile; fileRef = 180364DD1BAED2BA00870783 /* Class界面 */; };
		18B22BAA1BA6F30000D593C4 /* AssistFile.cpp in Sources */ = {isa = PBXBuildFile; fileRef = 18B22BA91BA6F30000D593C4 /* AssistFile.cpp */; };
		18D89F691BA4EDE7000D058C /* CVWindowController.m in Sources */ = {isa = PBXBuildFile; fileRef = 18D89F681BA4EDE7000D058C /* CVWindowController.m */; };
		18D89F6D1BA53874000D058C /* TimeFormatUtils.m in Sources */ = {isa = PBXBuildFile; fileRef = 18D89F6C1BA53874000D058C /* TimeFormatUtils.m */; };
		18D89F741BA59E87000D058C /* MySlider.m in Sources */ = {isa = PBXBuildFile; fileRef = 18D89F731BA59E87000D058C /* MySlider.m */; };
		8461A0021BA3FA6E0048DD69 /* VideoViewController.m in Sources */ = {isa = PBXBuildFile; fileRef = 8461A0011BA3FA6E0048DD69 /* VideoViewController.m */; };
		846C31DE1BA66E480007ACDB /* MyCache.m in Sources */ = {isa = PBXBuildFile; fileRef = 846C31DD1BA66E480007ACDB /* MyCache.m */; };
		846C31E21BA679EC0007ACDB /* PlayListViewController.m in Sources */ = {isa = PBXBuildFile; fileRef = 846C31E11BA679EC0007ACDB /* PlayListViewController.m */; };
		84A85E701BA28E0E00817598 /* AppDelegate.m in Sources */ = {isa = PBXBuildFile; fileRef = 84A85E6F1BA28E0E00817598 /* AppDelegate.m */; };
		84A85E721BA28E0E00817598 /* main.m in Sources */ = {isa = PBXBuildFile; fileRef = 84A85E711BA28E0E00817598 /* main.m */; };
		84A85E781BA28E0E00817598 /* Document.m in Sources */ = {isa = PBXBuildFile; fileRef = 84A85E771BA28E0E00817598 /* Document.m */; };
		84A85E7A1BA28E0E00817598 /* Images.xcassets in Resources */ = {isa = PBXBuildFile; fileRef = 84A85E791BA28E0E00817598 /* Images.xcassets */; };
		84A85E7D1BA28E0E00817598 /* Main.storyboard in Resources */ = {isa = PBXBuildFile; fileRef = 84A85E7B1BA28E0E00817598 /* Main.storyboard */; };
		84A85E891BA28E0E00817598 /* CoreVideoTests.m in Sources */ = {isa = PBXBuildFile; fileRef = 84A85E881BA28E0E00817598 /* CoreVideoTests.m */; };
		84AE44C01BB3F0F4007E7950 /* DocumentController.m in Sources */ = {isa = PBXBuildFile; fileRef = 84AE44BF1BB3F0F4007E7950 /* DocumentController.m */; };
		84AF2E751BAB9920003B3217 /* CVDisplayViewController.m in Sources */ = {isa = PBXBuildFile; fileRef = 84AF2E741BAB9920003B3217 /* CVDisplayViewController.m */; };
		84AF2E791BAB9CDA003B3217 /* CustomSpeedView.m in Sources */ = {isa = PBXBuildFile; fileRef = 84AF2E781BAB9CDA003B3217 /* CustomSpeedView.m */; };
		84B43FE41BA7E1AA00B4B46A /* FileList.cpp in Sources */ = {isa = PBXBuildFile; fileRef = 84B43FE21BA7E1AA00B4B46A /* FileList.cpp */; };
		84B43FE71BA806FA00B4B46A /* GpsDataHelper.mm in Sources */ = {isa = PBXBuildFile; fileRef = 84B43FE61BA806FA00B4B46A /* GpsDataHelper.mm */; };
		84B43FE91BA8182400B4B46A /* gpslocation.html in Resources */ = {isa = PBXBuildFile; fileRef = 84B43FE81BA8182400B4B46A /* gpslocation.html */; };
		84B43FEC1BA81D6700B4B46A /* CVWebViewController.m in Sources */ = {isa = PBXBuildFile; fileRef = 84B43FEB1BA81D6700B4B46A /* CVWebViewController.m */; };
		84B5DFCF1BAA5BF900DA74DB /* 高德地图KEY in Resources */ = {isa = PBXBuildFile; fileRef = 84B5DFCE1BAA5BF900DA74DB /* 高德地图KEY */; };
		84B5DFD21BAA758600DA74DB /* JSONKit.m in Sources */ = {isa = PBXBuildFile; fileRef = 84B5DFD11BAA758600DA74DB /* JSONKit.m */; settings = {COMPILER_FLAGS = "-fno-objc-arc"; }; };
		84B5DFD61BAABF7C00DA74DB /* mcar.png in Resources */ = {isa = PBXBuildFile; fileRef = 84B5DFD51BAABF7C00DA74DB /* mcar.png */; };
		84B5DFD81BAAC0D100DA74DB /* mcar1.png in Resources */ = {isa = PBXBuildFile; fileRef = 84B5DFD71BAAC0D100DA74DB /* mcar1.png */; };
		84B5DFDA1BAAC44200DA74DB /* mcar2.png in Resources */ = {isa = PBXBuildFile; fileRef = 84B5DFD91BAAC44100DA74DB /* mcar2.png */; };
		84B5DFDC1BAAC54500DA74DB /* mcar3.png in Resources */ = {isa = PBXBuildFile; fileRef = 84B5DFDB1BAAC54500DA74DB /* mcar3.png */; };
		84BC6A091BA8FF0400FBF400 /* CVLayoutViewController.m in Sources */ = {isa = PBXBuildFile; fileRef = 84BC6A081BA8FF0400FBF400 /* CVLayoutViewController.m */; };
/* End PBXBuildFile section */

/* Begin PBXContainerItemProxy section */
		84A85E831BA28E0E00817598 /* PBXContainerItemProxy */ = {
			isa = PBXContainerItemProxy;
			containerPortal = 84A85E611BA28E0E00817598 /* Project object */;
			proxyType = 1;
			remoteGlobalIDString = 84A85E681BA28E0E00817598;
			remoteInfo = CoreVideo;
		};
/* End PBXContainerItemProxy section */

/* Begin PBXFileReference section */
		180364DA1BAEADD100870783 /* CustomGsensorView.h */ = {isa = PBXFileReference; fileEncoding = 4; lastKnownFileType = sourcecode.c.h; path = CustomGsensorView.h; sourceTree = "<group>"; };
		180364DB1BAEADD100870783 /* CustomGsensorView.m */ = {isa = PBXFileReference; fileEncoding = 4; lastKnownFileType = sourcecode.c.objc; path = CustomGsensorView.m; sourceTree = "<group>"; };
		180364DD1BAED2BA00870783 /* Class界面 */ = {isa = PBXFileReference; fileEncoding = 4; lastKnownFileType = text; path = "Class界面"; sourceTree = "<group>"; };
		18B22BA81BA6F30000D593C4 /* AssistFile.h */ = {isa = PBXFileReference; fileEncoding = 4; lastKnownFileType = sourcecode.c.h; path = AssistFile.h; sourceTree = "<group>"; };
		18B22BA91BA6F30000D593C4 /* AssistFile.cpp */ = {isa = PBXFileReference; fileEncoding = 4; lastKnownFileType = sourcecode.cpp.cpp; path = AssistFile.cpp; sourceTree = "<group>"; };
		18D89F671BA4EDE7000D058C /* CVWindowController.h */ = {isa = PBXFileReference; fileEncoding = 4; lastKnownFileType = sourcecode.c.h; path = CVWindowController.h; sourceTree = "<group>"; };
		18D89F681BA4EDE7000D058C /* CVWindowController.m */ = {isa = PBXFileReference; fileEncoding = 4; lastKnownFileType = sourcecode.c.objc; path = CVWindowController.m; sourceTree = "<group>"; };
		18D89F6B1BA53874000D058C /* TimeFormatUtils.h */ = {isa = PBXFileReference; fileEncoding = 4; lastKnownFileType = sourcecode.c.h; path = TimeFormatUtils.h; sourceTree = "<group>"; };
		18D89F6C1BA53874000D058C /* TimeFormatUtils.m */ = {isa = PBXFileReference; fileEncoding = 4; lastKnownFileType = sourcecode.c.objc; path = TimeFormatUtils.m; sourceTree = "<group>"; };
		18D89F721BA59E87000D058C /* MySlider.h */ = {isa = PBXFileReference; fileEncoding = 4; lastKnownFileType = sourcecode.c.h; path = MySlider.h; sourceTree = "<group>"; };
		18D89F731BA59E87000D058C /* MySlider.m */ = {isa = PBXFileReference; fileEncoding = 4; lastKnownFileType = sourcecode.c.objc; path = MySlider.m; sourceTree = "<group>"; };
		8461A0001BA3FA6E0048DD69 /* VideoViewController.h */ = {isa = PBXFileReference; fileEncoding = 4; lastKnownFileType = sourcecode.c.h; path = VideoViewController.h; sourceTree = "<group>"; };
		8461A0011BA3FA6E0048DD69 /* VideoViewController.m */ = {isa = PBXFileReference; fileEncoding = 4; lastKnownFileType = sourcecode.c.objc; path = VideoViewController.m; sourceTree = "<group>"; };
		846C31DC1BA66E480007ACDB /* MyCache.h */ = {isa = PBXFileReference; fileEncoding = 4; lastKnownFileType = sourcecode.c.h; path = MyCache.h; sourceTree = "<group>"; };
		846C31DD1BA66E480007ACDB /* MyCache.m */ = {isa = PBXFileReference; fileEncoding = 4; lastKnownFileType = sourcecode.c.objc; path = MyCache.m; sourceTree = "<group>"; };
		846C31E01BA679EC0007ACDB /* PlayListViewController.h */ = {isa = PBXFileReference; fileEncoding = 4; lastKnownFileType = sourcecode.c.h; path = PlayListViewController.h; sourceTree = "<group>"; };
		846C31E11BA679EC0007ACDB /* PlayListViewController.m */ = {isa = PBXFileReference; fileEncoding = 4; lastKnownFileType = sourcecode.c.objc; path = PlayListViewController.m; sourceTree = "<group>"; };
		84A85E691BA28E0E00817598 /* CoreVideo.app */ = {isa = PBXFileReference; explicitFileType = wrapper.application; includeInIndex = 0; path = CoreVideo.app; sourceTree = BUILT_PRODUCTS_DIR; };
		84A85E6D1BA28E0E00817598 /* Info.plist */ = {isa = PBXFileReference; lastKnownFileType = text.plist.xml; path = Info.plist; sourceTree = "<group>"; };
		84A85E6E1BA28E0E00817598 /* AppDelegate.h */ = {isa = PBXFileReference; lastKnownFileType = sourcecode.c.h; path = AppDelegate.h; sourceTree = "<group>"; };
		84A85E6F1BA28E0E00817598 /* AppDelegate.m */ = {isa = PBXFileReference; lastKnownFileType = sourcecode.c.objc; path = AppDelegate.m; sourceTree = "<group>"; };
		84A85E711BA28E0E00817598 /* main.m */ = {isa = PBXFileReference; lastKnownFileType = sourcecode.c.objc; path = main.m; sourceTree = "<group>"; };
		84A85E761BA28E0E00817598 /* Document.h */ = {isa = PBXFileReference; lastKnownFileType = sourcecode.c.h; path = Document.h; sourceTree = "<group>"; };
		84A85E771BA28E0E00817598 /* Document.m */ = {isa = PBXFileReference; lastKnownFileType = sourcecode.c.objc; path = Document.m; sourceTree = "<group>"; };
		84A85E791BA28E0E00817598 /* Images.xcassets */ = {isa = PBXFileReference; lastKnownFileType = folder.assetcatalog; path = Images.xcassets; sourceTree = "<group>"; };
		84A85E7C1BA28E0E00817598 /* Base */ = {isa = PBXFileReference; lastKnownFileType = file.storyboard; name = Base; path = Base.lproj/Main.storyboard; sourceTree = "<group>"; };
		84A85E821BA28E0E00817598 /* CoreVideoTests.xctest */ = {isa = PBXFileReference; explicitFileType = wrapper.cfbundle; includeInIndex = 0; path = CoreVideoTests.xctest; sourceTree = BUILT_PRODUCTS_DIR; };
		84A85E871BA28E0E00817598 /* Info.plist */ = {isa = PBXFileReference; lastKnownFileType = text.plist.xml; path = Info.plist; sourceTree = "<group>"; };
		84A85E881BA28E0E00817598 /* CoreVideoTests.m */ = {isa = PBXFileReference; lastKnownFileType = sourcecode.c.objc; path = CoreVideoTests.m; sourceTree = "<group>"; };
		84AE44BE1BB3F0F4007E7950 /* DocumentController.h */ = {isa = PBXFileReference; fileEncoding = 4; lastKnownFileType = sourcecode.c.h; path = DocumentController.h; sourceTree = "<group>"; };
		84AE44BF1BB3F0F4007E7950 /* DocumentController.m */ = {isa = PBXFileReference; fileEncoding = 4; lastKnownFileType = sourcecode.c.objc; path = DocumentController.m; sourceTree = "<group>"; };
		84AF2E731BAB9920003B3217 /* CVDisplayViewController.h */ = {isa = PBXFileReference; fileEncoding = 4; lastKnownFileType = sourcecode.c.h; path = CVDisplayViewController.h; sourceTree = "<group>"; };
		84AF2E741BAB9920003B3217 /* CVDisplayViewController.m */ = {isa = PBXFileReference; fileEncoding = 4; lastKnownFileType = sourcecode.c.objc; path = CVDisplayViewController.m; sourceTree = "<group>"; };
		84AF2E771BAB9CDA003B3217 /* CustomSpeedView.h */ = {isa = PBXFileReference; fileEncoding = 4; lastKnownFileType = sourcecode.c.h; path = CustomSpeedView.h; sourceTree = "<group>"; };
		84AF2E781BAB9CDA003B3217 /* CustomSpeedView.m */ = {isa = PBXFileReference; fileEncoding = 4; lastKnownFileType = sourcecode.c.objc; path = CustomSpeedView.m; sourceTree = "<group>"; };
		84B43FE21BA7E1AA00B4B46A /* FileList.cpp */ = {isa = PBXFileReference; fileEncoding = 4; lastKnownFileType = sourcecode.cpp.cpp; path = FileList.cpp; sourceTree = "<group>"; };
		84B43FE31BA7E1AA00B4B46A /* FileList.h */ = {isa = PBXFileReference; fileEncoding = 4; lastKnownFileType = sourcecode.c.h; path = FileList.h; sourceTree = "<group>"; };
		84B43FE51BA806FA00B4B46A /* GpsDataHelper.h */ = {isa = PBXFileReference; fileEncoding = 4; lastKnownFileType = sourcecode.c.h; path = GpsDataHelper.h; sourceTree = "<group>"; };
		84B43FE61BA806FA00B4B46A /* GpsDataHelper.mm */ = {isa = PBXFileReference; fileEncoding = 4; lastKnownFileType = sourcecode.cpp.objcpp; path = GpsDataHelper.mm; sourceTree = "<group>"; };
		84B43FE81BA8182400B4B46A /* gpslocation.html */ = {isa = PBXFileReference; fileEncoding = 4; lastKnownFileType = text.html; path = gpslocation.html; sourceTree = "<group>"; };
		84B43FEA1BA81D6700B4B46A /* CVWebViewController.h */ = {isa = PBXFileReference; fileEncoding = 4; lastKnownFileType = sourcecode.c.h; path = CVWebViewController.h; sourceTree = "<group>"; };
		84B43FEB1BA81D6700B4B46A /* CVWebViewController.m */ = {isa = PBXFileReference; fileEncoding = 4; lastKnownFileType = sourcecode.c.objc; path = CVWebViewController.m; sourceTree = "<group>"; };
		84B5DFCE1BAA5BF900DA74DB /* 高德地图KEY */ = {isa = PBXFileReference; fileEncoding = 4; lastKnownFileType = text; path = "高德地图KEY"; sourceTree = "<group>"; };
		84B5DFD01BAA758600DA74DB /* JSONKit.h */ = {isa = PBXFileReference; fileEncoding = 4; lastKnownFileType = sourcecode.c.h; path = JSONKit.h; sourceTree = "<group>"; };
		84B5DFD11BAA758600DA74DB /* JSONKit.m */ = {isa = PBXFileReference; fileEncoding = 4; lastKnownFileType = sourcecode.c.objc; path = JSONKit.m; sourceTree = "<group>"; };
		84B5DFD51BAABF7C00DA74DB /* mcar.png */ = {isa = PBXFileReference; lastKnownFileType = image.png; path = mcar.png; sourceTree = "<group>"; };
		84B5DFD71BAAC0D100DA74DB /* mcar1.png */ = {isa = PBXFileReference; lastKnownFileType = image.png; path = mcar1.png; sourceTree = "<group>"; };
		84B5DFD91BAAC44100DA74DB /* mcar2.png */ = {isa = PBXFileReference; lastKnownFileType = image.png; path = mcar2.png; sourceTree = "<group>"; };
		84B5DFDB1BAAC54500DA74DB /* mcar3.png */ = {isa = PBXFileReference; lastKnownFileType = image.png; path = mcar3.png; sourceTree = "<group>"; };
		84BC6A071BA8FF0400FBF400 /* CVLayoutViewController.h */ = {isa = PBXFileReference; fileEncoding = 4; lastKnownFileType = sourcecode.c.h; path = CVLayoutViewController.h; sourceTree = "<group>"; };
		84BC6A081BA8FF0400FBF400 /* CVLayoutViewController.m */ = {isa = PBXFileReference; fileEncoding = 4; lastKnownFileType = sourcecode.c.objc; path = CVLayoutViewController.m; sourceTree = "<group>"; };
/* End PBXFileReference section */

/* Begin PBXFrameworksBuildPhase section */
		84A85E661BA28E0E00817598 /* Frameworks */ = {
			isa = PBXFrameworksBuildPhase;
			buildActionMask = 2147483647;
			files = (
			);
			runOnlyForDeploymentPostprocessing = 0;
		};
		84A85E7F1BA28E0E00817598 /* Frameworks */ = {
			isa = PBXFrameworksBuildPhase;
			buildActionMask = 2147483647;
			files = (
			);
			runOnlyForDeploymentPostprocessing = 0;
		};
/* End PBXFrameworksBuildPhase section */

/* Begin PBXGroup section */
		18B22BA71BA6F2E900D593C4 /* assist */ = {
			isa = PBXGroup;
			children = (
				84B5DFD01BAA758600DA74DB /* JSONKit.h */,
				84B5DFD11BAA758600DA74DB /* JSONKit.m */,
				84B43FE21BA7E1AA00B4B46A /* FileList.cpp */,
				84B43FE31BA7E1AA00B4B46A /* FileList.h */,
				18B22BA81BA6F30000D593C4 /* AssistFile.h */,
				18B22BA91BA6F30000D593C4 /* AssistFile.cpp */,
				84B43FE51BA806FA00B4B46A /* GpsDataHelper.h */,
				84B43FE61BA806FA00B4B46A /* GpsDataHelper.mm */,
			);
			name = assist;
			sourceTree = "<group>";
		};
		18D89F6A1BA5384F000D058C /* utils */ = {
			isa = PBXGroup;
			children = (
				18D89F6B1BA53874000D058C /* TimeFormatUtils.h */,
				18D89F6C1BA53874000D058C /* TimeFormatUtils.m */,
				846C31DC1BA66E480007ACDB /* MyCache.h */,
				846C31DD1BA66E480007ACDB /* MyCache.m */,
			);
			name = utils;
			sourceTree = "<group>";
		};
		18D89F6E1BA55CB0000D058C /* categary */ = {
			isa = PBXGroup;
			children = (
				18D89F721BA59E87000D058C /* MySlider.h */,
				18D89F731BA59E87000D058C /* MySlider.m */,
			);
			name = categary;
			sourceTree = "<group>";
		};
		846C31DF1BA6797D0007ACDB /* viewController */ = {
			isa = PBXGroup;
			children = (
				8461A0001BA3FA6E0048DD69 /* VideoViewController.h */,
				8461A0011BA3FA6E0048DD69 /* VideoViewController.m */,
				18D89F671BA4EDE7000D058C /* CVWindowController.h */,
				18D89F681BA4EDE7000D058C /* CVWindowController.m */,
				846C31E01BA679EC0007ACDB /* PlayListViewController.h */,
				846C31E11BA679EC0007ACDB /* PlayListViewController.m */,
				84B43FEA1BA81D6700B4B46A /* CVWebViewController.h */,
				84B43FEB1BA81D6700B4B46A /* CVWebViewController.m */,
				84BC6A071BA8FF0400FBF400 /* CVLayoutViewController.h */,
				84BC6A081BA8FF0400FBF400 /* CVLayoutViewController.m */,
				84AF2E731BAB9920003B3217 /* CVDisplayViewController.h */,
				84AF2E741BAB9920003B3217 /* CVDisplayViewController.m */,
			);
			name = viewController;
			sourceTree = "<group>";
		};
		846C31E91BA6BE710007ACDB /* document */ = {
			isa = PBXGroup;
			children = (
				84A85E761BA28E0E00817598 /* Document.h */,
				84A85E771BA28E0E00817598 /* Document.m */,
				84AE44BE1BB3F0F4007E7950 /* DocumentController.h */,
				84AE44BF1BB3F0F4007E7950 /* DocumentController.m */,
			);
			name = document;
			sourceTree = "<group>";
		};
		84A85E601BA28E0E00817598 = {
			isa = PBXGroup;
			children = (
				84A85E6B1BA28E0E00817598 /* CoreVideo */,
				84A85E851BA28E0E00817598 /* CoreVideoTests */,
				84A85E6A1BA28E0E00817598 /* Products */,
			);
			sourceTree = "<group>";
		};
		84A85E6A1BA28E0E00817598 /* Products */ = {
			isa = PBXGroup;
			children = (
				84A85E691BA28E0E00817598 /* CoreVideo.app */,
				84A85E821BA28E0E00817598 /* CoreVideoTests.xctest */,
			);
			name = Products;
			sourceTree = "<group>";
		};
		84A85E6B1BA28E0E00817598 /* CoreVideo */ = {
			isa = PBXGroup;
			children = (
				84AF2E761BAB9BA8003B3217 /* view */,
				18B22BA71BA6F2E900D593C4 /* assist */,
				846C31E91BA6BE710007ACDB /* document */,
				846C31DF1BA6797D0007ACDB /* viewController */,
				18D89F6E1BA55CB0000D058C /* categary */,
				18D89F6A1BA5384F000D058C /* utils */,
				84A85E6E1BA28E0E00817598 /* AppDelegate.h */,
				84A85E6F1BA28E0E00817598 /* AppDelegate.m */,
				84A85E791BA28E0E00817598 /* Images.xcassets */,
				84A85E7B1BA28E0E00817598 /* Main.storyboard */,
				84B43FE81BA8182400B4B46A /* gpslocation.html */,
				84B5DFD71BAAC0D100DA74DB /* mcar1.png */,
				84B5DFD91BAAC44100DA74DB /* mcar2.png */,
				84B5DFD51BAABF7C00DA74DB /* mcar.png */,
				84B5DFDB1BAAC54500DA74DB /* mcar3.png */,
				84A85E6C1BA28E0E00817598 /* Supporting Files */,
				84B5DFCE1BAA5BF900DA74DB /* 高德地图KEY */,
				180364DD1BAED2BA00870783 /* Class界面 */,
			);
			path = CoreVideo;
			sourceTree = "<group>";
		};
		84A85E6C1BA28E0E00817598 /* Supporting Files */ = {
			isa = PBXGroup;
			children = (
				84A85E6D1BA28E0E00817598 /* Info.plist */,
				84A85E711BA28E0E00817598 /* main.m */,
			);
			name = "Supporting Files";
			sourceTree = "<group>";
		};
		84A85E851BA28E0E00817598 /* CoreVideoTests */ = {
			isa = PBXGroup;
			children = (
				84A85E881BA28E0E00817598 /* CoreVideoTests.m */,
				84A85E861BA28E0E00817598 /* Supporting Files */,
			);
			path = CoreVideoTests;
			sourceTree = "<group>";
		};
		84A85E861BA28E0E00817598 /* Supporting Files */ = {
			isa = PBXGroup;
			children = (
				84A85E871BA28E0E00817598 /* Info.plist */,
			);
			name = "Supporting Files";
			sourceTree = "<group>";
		};
		84AF2E761BAB9BA8003B3217 /* view */ = {
			isa = PBXGroup;
			children = (
				84AF2E771BAB9CDA003B3217 /* CustomSpeedView.h */,
				84AF2E781BAB9CDA003B3217 /* CustomSpeedView.m */,
				180364DA1BAEADD100870783 /* CustomGsensorView.h */,
				180364DB1BAEADD100870783 /* CustomGsensorView.m */,
			);
			name = view;
			sourceTree = "<group>";
		};
/* End PBXGroup section */

/* Begin PBXNativeTarget section */
		84A85E681BA28E0E00817598 /* CoreVideo */ = {
			isa = PBXNativeTarget;
			buildConfigurationList = 84A85E8C1BA28E0E00817598 /* Build configuration list for PBXNativeTarget "CoreVideo" */;
			buildPhases = (
				84A85E651BA28E0E00817598 /* Sources */,
				84A85E661BA28E0E00817598 /* Frameworks */,
				84A85E671BA28E0E00817598 /* Resources */,
			);
			buildRules = (
			);
			dependencies = (
			);
			name = CoreVideo;
			productName = CoreVideo;
			productReference = 84A85E691BA28E0E00817598 /* CoreVideo.app */;
			productType = "com.apple.product-type.application";
		};
		84A85E811BA28E0E00817598 /* CoreVideoTests */ = {
			isa = PBXNativeTarget;
			buildConfigurationList = 84A85E8F1BA28E0E00817598 /* Build configuration list for PBXNativeTarget "CoreVideoTests" */;
			buildPhases = (
				84A85E7E1BA28E0E00817598 /* Sources */,
				84A85E7F1BA28E0E00817598 /* Frameworks */,
				84A85E801BA28E0E00817598 /* Resources */,
			);
			buildRules = (
			);
			dependencies = (
				84A85E841BA28E0E00817598 /* PBXTargetDependency */,
			);
			name = CoreVideoTests;
			productName = CoreVideoTests;
			productReference = 84A85E821BA28E0E00817598 /* CoreVideoTests.xctest */;
			productType = "com.apple.product-type.bundle.unit-test";
		};
/* End PBXNativeTarget section */

/* Begin PBXProject section */
		84A85E611BA28E0E00817598 /* Project object */ = {
			isa = PBXProject;
			attributes = {
				LastUpgradeCheck = 0640;
				ORGANIZATIONNAME = "cn.lztech  合肥联正电子科技有限公司";
				TargetAttributes = {
					84A85E681BA28E0E00817598 = {
						CreatedOnToolsVersion = 6.4;
						DevelopmentTeam = HLQ3A9KFRW;
					};
					84A85E811BA28E0E00817598 = {
						CreatedOnToolsVersion = 6.4;
						TestTargetID = 84A85E681BA28E0E00817598;
					};
				};
			};
			buildConfigurationList = 84A85E641BA28E0E00817598 /* Build configuration list for PBXProject "CoreVideo" */;
			compatibilityVersion = "Xcode 3.2";
			developmentRegion = English;
			hasScannedForEncodings = 0;
			knownRegions = (
				en,
				Base,
			);
			mainGroup = 84A85E601BA28E0E00817598;
			productRefGroup = 84A85E6A1BA28E0E00817598 /* Products */;
			projectDirPath = "";
			projectRoot = "";
			targets = (
				84A85E681BA28E0E00817598 /* CoreVideo */,
				84A85E811BA28E0E00817598 /* CoreVideoTests */,
			);
		};
/* End PBXProject section */

/* Begin PBXResourcesBuildPhase section */
		84A85E671BA28E0E00817598 /* Resources */ = {
			isa = PBXResourcesBuildPhase;
			buildActionMask = 2147483647;
			files = (
				84B5DFD81BAAC0D100DA74DB /* mcar1.png in Resources */,
				84A85E7A1BA28E0E00817598 /* Images.xcassets in Resources */,
				84B5DFDC1BAAC54500DA74DB /* mcar3.png in Resources */,
				180364DE1BAED2BA00870783 /* Class界面 in Resources */,
				84B5DFD61BAABF7C00DA74DB /* mcar.png in Resources */,
				84B5DFCF1BAA5BF900DA74DB /* 高德地图KEY in Resources */,
				84B5DFDA1BAAC44200DA74DB /* mcar2.png in Resources */,
				84B43FE91BA8182400B4B46A /* gpslocation.html in Resources */,
				84A85E7D1BA28E0E00817598 /* Main.storyboard in Resources */,
			);
			runOnlyForDeploymentPostprocessing = 0;
		};
		84A85E801BA28E0E00817598 /* Resources */ = {
			isa = PBXResourcesBuildPhase;
			buildActionMask = 2147483647;
			files = (
			);
			runOnlyForDeploymentPostprocessing = 0;
		};
/* End PBXResourcesBuildPhase section */

/* Begin PBXSourcesBuildPhase section */
		84A85E651BA28E0E00817598 /* Sources */ = {
			isa = PBXSourcesBuildPhase;
			buildActionMask = 2147483647;
			files = (
				846C31E21BA679EC0007ACDB /* PlayListViewController.m in Sources */,
				180364DC1BAEADD100870783 /* CustomGsensorView.m in Sources */,
				84A85E781BA28E0E00817598 /* Document.m in Sources */,
				84AF2E751BAB9920003B3217 /* CVDisplayViewController.m in Sources */,
				84A85E721BA28E0E00817598 /* main.m in Sources */,
				84B43FE71BA806FA00B4B46A /* GpsDataHelper.mm in Sources */,
				84B43FE41BA7E1AA00B4B46A /* FileList.cpp in Sources */,
				8461A0021BA3FA6E0048DD69 /* VideoViewController.m in Sources */,
				84B43FEC1BA81D6700B4B46A /* CVWebViewController.m in Sources */,
				18D89F691BA4EDE7000D058C /* CVWindowController.m in Sources */,
				84AF2E791BAB9CDA003B3217 /* CustomSpeedView.m in Sources */,
				18B22BAA1BA6F30000D593C4 /* AssistFile.cpp in Sources */,
				84A85E701BA28E0E00817598 /* AppDelegate.m in Sources */,
				18D89F741BA59E87000D058C /* MySlider.m in Sources */,
				84BC6A091BA8FF0400FBF400 /* CVLayoutViewController.m in Sources */,
				846C31DE1BA66E480007ACDB /* MyCache.m in Sources */,
				18D89F6D1BA53874000D058C /* TimeFormatUtils.m in Sources */,
				84AE44C01BB3F0F4007E7950 /* DocumentController.m in Sources */,
				84B5DFD21BAA758600DA74DB /* JSONKit.m in Sources */,
			);
			runOnlyForDeploymentPostprocessing = 0;
		};
		84A85E7E1BA28E0E00817598 /* Sources */ = {
			isa = PBXSourcesBuildPhase;
			buildActionMask = 2147483647;
			files = (
				84A85E891BA28E0E00817598 /* CoreVideoTests.m in Sources */,
			);
			runOnlyForDeploymentPostprocessing = 0;
		};
/* End PBXSourcesBuildPhase section */

/* Begin PBXTargetDependency section */
		84A85E841BA28E0E00817598 /* PBXTargetDependency */ = {
			isa = PBXTargetDependency;
			target = 84A85E681BA28E0E00817598 /* CoreVideo */;
			targetProxy = 84A85E831BA28E0E00817598 /* PBXContainerItemProxy */;
		};
/* End PBXTargetDependency section */

/* Begin PBXVariantGroup section */
		84A85E7B1BA28E0E00817598 /* Main.storyboard */ = {
			isa = PBXVariantGroup;
			children = (
				84A85E7C1BA28E0E00817598 /* Base */,
			);
			name = Main.storyboard;
			sourceTree = "<group>";
		};
/* End PBXVariantGroup section */

/* Begin XCBuildConfiguration section */
		84A85E8A1BA28E0E00817598 /* Debug */ = {
			isa = XCBuildConfiguration;
			buildSettings = {
				ALWAYS_SEARCH_USER_PATHS = NO;
				CLANG_CXX_LANGUAGE_STANDARD = "gnu++0x";
				CLANG_CXX_LIBRARY = "libc++";
				CLANG_ENABLE_MODULES = YES;
				CLANG_ENABLE_OBJC_ARC = YES;
				CLANG_WARN_BOOL_CONVERSION = YES;
				CLANG_WARN_CONSTANT_CONVERSION = YES;
				CLANG_WARN_DIRECT_OBJC_ISA_USAGE = YES_ERROR;
				CLANG_WARN_EMPTY_BODY = YES;
				CLANG_WARN_ENUM_CONVERSION = YES;
				CLANG_WARN_INT_CONVERSION = YES;
				CLANG_WARN_OBJC_ROOT_CLASS = YES_ERROR;
				CLANG_WARN_UNREACHABLE_CODE = YES;
				CLANG_WARN__DUPLICATE_METHOD_MATCH = YES;
				CODE_SIGN_IDENTITY = "-";
				COPY_PHASE_STRIP = NO;
				DEBUG_INFORMATION_FORMAT = dwarf;
				ENABLE_STRICT_OBJC_MSGSEND = YES;
				GCC_C_LANGUAGE_STANDARD = gnu99;
				GCC_DYNAMIC_NO_PIC = NO;
				GCC_NO_COMMON_BLOCKS = YES;
				GCC_OPTIMIZATION_LEVEL = 0;
				GCC_PREPROCESSOR_DEFINITIONS = (
					"DEBUG=1",
					"$(inherited)",
				);
				GCC_SYMBOLS_PRIVATE_EXTERN = NO;
				GCC_WARN_64_TO_32_BIT_CONVERSION = YES;
				GCC_WARN_ABOUT_RETURN_TYPE = YES_ERROR;
				GCC_WARN_UNDECLARED_SELECTOR = YES;
				GCC_WARN_UNINITIALIZED_AUTOS = YES_AGGRESSIVE;
				GCC_WARN_UNUSED_FUNCTION = YES;
				GCC_WARN_UNUSED_VARIABLE = YES;
				MACOSX_DEPLOYMENT_TARGET = 10.10;
				MTL_ENABLE_DEBUG_INFO = YES;
				ONLY_ACTIVE_ARCH = YES;
				SDKROOT = macosx;
			};
			name = Debug;
		};
		84A85E8B1BA28E0E00817598 /* Release */ = {
			isa = XCBuildConfiguration;
			buildSettings = {
				ALWAYS_SEARCH_USER_PATHS = NO;
				CLANG_CXX_LANGUAGE_STANDARD = "gnu++0x";
				CLANG_CXX_LIBRARY = "libc++";
				CLANG_ENABLE_MODULES = YES;
				CLANG_ENABLE_OBJC_ARC = YES;
				CLANG_WARN_BOOL_CONVERSION = YES;
				CLANG_WARN_CONSTANT_CONVERSION = YES;
				CLANG_WARN_DIRECT_OBJC_ISA_USAGE = YES_ERROR;
				CLANG_WARN_EMPTY_BODY = YES;
				CLANG_WARN_ENUM_CONVERSION = YES;
				CLANG_WARN_INT_CONVERSION = YES;
				CLANG_WARN_OBJC_ROOT_CLASS = YES_ERROR;
				CLANG_WARN_UNREACHABLE_CODE = YES;
				CLANG_WARN__DUPLICATE_METHOD_MATCH = YES;
				CODE_SIGN_IDENTITY = "-";
				COPY_PHASE_STRIP = NO;
				DEBUG_INFORMATION_FORMAT = "dwarf-with-dsym";
				ENABLE_NS_ASSERTIONS = NO;
				ENABLE_STRICT_OBJC_MSGSEND = YES;
				GCC_C_LANGUAGE_STANDARD = gnu99;
				GCC_NO_COMMON_BLOCKS = YES;
				GCC_WARN_64_TO_32_BIT_CONVERSION = YES;
				GCC_WARN_ABOUT_RETURN_TYPE = YES_ERROR;
				GCC_WARN_UNDECLARED_SELECTOR = YES;
				GCC_WARN_UNINITIALIZED_AUTOS = YES_AGGRESSIVE;
				GCC_WARN_UNUSED_FUNCTION = YES;
				GCC_WARN_UNUSED_VARIABLE = YES;
				MACOSX_DEPLOYMENT_TARGET = 10.10;
				MTL_ENABLE_DEBUG_INFO = NO;
				SDKROOT = macosx;
			};
			name = Release;
		};
		84A85E8D1BA28E0E00817598 /* Debug */ = {
			isa = XCBuildConfiguration;
			buildSettings = {
				ASSETCATALOG_COMPILER_APPICON_NAME = AppIcon;
				CLANG_CXX_LANGUAGE_STANDARD = "compiler-default";
				CLANG_CXX_LIBRARY = "compiler-default";
				CLANG_WARN_DIRECT_OBJC_ISA_USAGE = YES;
				COMBINE_HIDPI_IMAGES = YES;
				INFOPLIST_FILE = CoreVideo/Info.plist;
				LD_RUNPATH_SEARCH_PATHS = "$(inherited) @executable_path/../Frameworks";
				MACOSX_DEPLOYMENT_TARGET = 10.9;
				PRODUCT_NAME = "$(TARGET_NAME)";
			};
			name = Debug;
		};
		84A85E8E1BA28E0E00817598 /* Release */ = {
			isa = XCBuildConfiguration;
			buildSettings = {
				ASSETCATALOG_COMPILER_APPICON_NAME = AppIcon;
				CLANG_CXX_LANGUAGE_STANDARD = "compiler-default";
				CLANG_CXX_LIBRARY = "compiler-default";
				CLANG_WARN_DIRECT_OBJC_ISA_USAGE = YES;
				COMBINE_HIDPI_IMAGES = YES;
				INFOPLIST_FILE = CoreVideo/Info.plist;
				LD_RUNPATH_SEARCH_PATHS = "$(inherited) @executable_path/../Frameworks";
				MACOSX_DEPLOYMENT_TARGET = 10.9;
				PRODUCT_NAME = "$(TARGET_NAME)";
			};
			name = Release;
		};
		84A85E901BA28E0E00817598 /* Debug */ = {
			isa = XCBuildConfiguration;
			buildSettings = {
				BUNDLE_LOADER = "$(TEST_HOST)";
				COMBINE_HIDPI_IMAGES = YES;
				FRAMEWORK_SEARCH_PATHS = (
					"$(DEVELOPER_FRAMEWORKS_DIR)",
					"$(inherited)",
				);
				GCC_PREPROCESSOR_DEFINITIONS = (
					"DEBUG=1",
					"$(inherited)",
				);
				INFOPLIST_FILE = CoreVideoTests/Info.plist;
				LD_RUNPATH_SEARCH_PATHS = "$(inherited) @executable_path/../Frameworks @loader_path/../Frameworks";
				PRODUCT_NAME = "$(TARGET_NAME)";
				TEST_HOST = "$(BUILT_PRODUCTS_DIR)/CoreVideo.app/Contents/MacOS/CoreVideo";
			};
			name = Debug;
		};
		84A85E911BA28E0E00817598 /* Release */ = {
			isa = XCBuildConfiguration;
			buildSettings = {
				BUNDLE_LOADER = "$(TEST_HOST)";
				COMBINE_HIDPI_IMAGES = YES;
				FRAMEWORK_SEARCH_PATHS = (
					"$(DEVELOPER_FRAMEWORKS_DIR)",
					"$(inherited)",
				);
				INFOPLIST_FILE = CoreVideoTests/Info.plist;
				LD_RUNPATH_SEARCH_PATHS = "$(inherited) @executable_path/../Frameworks @loader_path/../Frameworks";
				PRODUCT_NAME = "$(TARGET_NAME)";
				TEST_HOST = "$(BUILT_PRODUCTS_DIR)/CoreVideo.app/Contents/MacOS/CoreVideo";
			};
			name = Release;
		};
/* End XCBuildConfiguration section */

/* Begin XCConfigurationList section */
		84A85E641BA28E0E00817598 /* Build configuration list for PBXProject "CoreVideo" */ = {
			isa = XCConfigurationList;
			buildConfigurations = (
				84A85E8A1BA28E0E00817598 /* Debug */,
				84A85E8B1BA28E0E00817598 /* Release */,
			);
			defaultConfigurationIsVisible = 0;
			defaultConfigurationName = Release;
		};
		84A85E8C1BA28E0E00817598 /* Build configuration list for PBXNativeTarget "CoreVideo" */ = {
			isa = XCConfigurationList;
			buildConfigurations = (
				84A85E8D1BA28E0E00817598 /* Debug */,
				84A85E8E1BA28E0E00817598 /* Release */,
			);
			defaultConfigurationIsVisible = 0;
			defaultConfigurationName = Release;
		};
		84A85E8F1BA28E0E00817598 /* Build configuration list for PBXNativeTarget "CoreVideoTests" */ = {
			isa = XCConfigurationList;
			buildConfigurations = (
				84A85E901BA28E0E00817598 /* Debug */,
				84A85E911BA28E0E00817598 /* Release */,
			);
			defaultConfigurationIsVisible = 0;
			defaultConfigurationName = Release;
		};
/* End XCConfigurationList section */
	};
	rootObject = 84A85E611BA28E0E00817598 /* Project object */;
}
